// !$*UTF8*$!
{
	archiveVersion = 1;
	classes = {
	};
	objectVersion = 46;
	objects = {

/* Begin PBXBuildFile section */
		7DEEEA061B17119800E9B87D /* gg.cpp in Sources */ = {isa = PBXBuildFile; fileRef = 7DEEEA041B17119800E9B87D /* gg.cpp */; };
		7DEEEA081B1711B400E9B87D /* main.cpp in Sources */ = {isa = PBXBuildFile; fileRef = 7DEEEA071B1711B400E9B87D /* main.cpp */; };
		7DEEEA0A1B1711C200E9B87D /* Window.cpp in Sources */ = {isa = PBXBuildFile; fileRef = 7DEEEA091B1711C200E9B87D /* Window.cpp */; };
/* End PBXBuildFile section */

/* Begin PBXCopyFilesBuildPhase section */
		7DA674F01B1710B700955A94 /* CopyFiles */ = {
			isa = PBXCopyFilesBuildPhase;
			buildActionMask = 2147483647;
			dstPath = /usr/share/man/man1/;
			dstSubfolderSpec = 0;
			files = (
			);
			runOnlyForDeploymentPostprocessing = 1;
		};
/* End PBXCopyFilesBuildPhase section */

/* Begin PBXFileReference section */
		7D8D4C3F1B1F2B46001B220F /* shadow.frag */ = {isa = PBXFileReference; fileEncoding = 8; lastKnownFileType = sourcecode.glsl; lineEnding = 0; path = shadow.frag; sourceTree = SOURCE_ROOT; };
		7D8D4C401B1F2B46001B220F /* shadow.vert */ = {isa = PBXFileReference; fileEncoding = 8; lastKnownFileType = sourcecode.glsl; lineEnding = 0; path = shadow.vert; sourceTree = SOURCE_ROOT; };
		7D95A2871B21D0E900503BE6 /* box.obj */ = {isa = PBXFileReference; fileEncoding = 4; lastKnownFileType = text; path = box.obj; sourceTree = "<group>"; };
		7D95A2881B21D0E900503BE6 /* bunny.obj */ = {isa = PBXFileReference; fileEncoding = 4; lastKnownFileType = text; path = bunny.obj; sourceTree = "<group>"; };
		7DA674F21B1710B700955A94 /* projection */ = {isa = PBXFileReference; explicitFileType = "compiled.mach-o.executable"; includeInIndex = 0; path = projection; sourceTree = BUILT_PRODUCTS_DIR; };
		7DA674FC1B17111F00955A94 /* box.mtl */ = {isa = PBXFileReference; fileEncoding = 4; lastKnownFileType = text; path = box.mtl; sourceTree = SOURCE_ROOT; };
		7DA674FD1B17111F00955A94 /* bunny.mtl */ = {isa = PBXFileReference; fileEncoding = 4; lastKnownFileType = text; path = bunny.mtl; sourceTree = SOURCE_ROOT; };
		7DEEEA041B17119800E9B87D /* gg.cpp */ = {isa = PBXFileReference; fileEncoding = 8; lastKnownFileType = sourcecode.cpp.cpp; lineEnding = 0; path = gg.cpp; sourceTree = SOURCE_ROOT; };
		7DEEEA051B17119800E9B87D /* gg.h */ = {isa = PBXFileReference; fileEncoding = 8; lastKnownFileType = sourcecode.c.h; lineEnding = 0; path = gg.h; sourceTree = SOURCE_ROOT; };
		7DEEEA071B1711B400E9B87D /* main.cpp */ = {isa = PBXFileReference; fileEncoding = 8; lastKnownFileType = sourcecode.cpp.cpp; lineEnding = 0; path = main.cpp; sourceTree = SOURCE_ROOT; };
		7DEEEA091B1711C200E9B87D /* Window.cpp */ = {isa = PBXFileReference; fileEncoding = 8; lastKnownFileType = sourcecode.cpp.cpp; lineEnding = 0; path = Window.cpp; sourceTree = SOURCE_ROOT; };
		7DEEEA0B1B1711CB00E9B87D /* Window.h */ = {isa = PBXFileReference; fileEncoding = 8; lastKnownFileType = sourcecode.c.h; lineEnding = 0; path = Window.h; sourceTree = SOURCE_ROOT; };
		7DEEEA0C1B1711DF00E9B87D /* simple.frag */ = {isa = PBXFileReference; fileEncoding = 8; lastKnownFileType = sourcecode.glsl; lineEnding = 0; path = simple.frag; sourceTree = SOURCE_ROOT; };
		7DEEEA0D1B1711DF00E9B87D /* simple.vert */ = {isa = PBXFileReference; fileEncoding = 8; lastKnownFileType = sourcecode.glsl; lineEnding = 0; path = simple.vert; sourceTree = SOURCE_ROOT; };
/* End PBXFileReference section */

/* Begin PBXFrameworksBuildPhase section */
		7DA674EF1B1710B700955A94 /* Frameworks */ = {
			isa = PBXFrameworksBuildPhase;
			buildActionMask = 2147483647;
			files = (
			);
			runOnlyForDeploymentPostprocessing = 0;
		};
/* End PBXFrameworksBuildPhase section */

/* Begin PBXGroup section */
		7DA674E91B1710B700955A94 = {
			isa = PBXGroup;
			children = (
				7DA674F41B1710B700955A94 /* projection */,
				7DA674F31B1710B700955A94 /* Products */,
				7D95A2871B21D0E900503BE6 /* box.obj */,
				7DA674FC1B17111F00955A94 /* box.mtl */,
				7D95A2881B21D0E900503BE6 /* bunny.obj */,
				7DA674FD1B17111F00955A94 /* bunny.mtl */,
			);
			sourceTree = "<group>";
		};
		7DA674F31B1710B700955A94 /* Products */ = {
			isa = PBXGroup;
			children = (
				7DA674F21B1710B700955A94 /* projection */,
			);
			name = Products;
			sourceTree = "<group>";
		};
		7DA674F41B1710B700955A94 /* projection */ = {
			isa = PBXGroup;
			children = (
				7DEEEA071B1711B400E9B87D /* main.cpp */,
				7DEEEA0B1B1711CB00E9B87D /* Window.h */,
				7DEEEA091B1711C200E9B87D /* Window.cpp */,
				7DEEEA051B17119800E9B87D /* gg.h */,
				7DEEEA041B17119800E9B87D /* gg.cpp */,
				7D8D4C401B1F2B46001B220F /* shadow.vert */,
				7D8D4C3F1B1F2B46001B220F /* shadow.frag */,
				7DEEEA0D1B1711DF00E9B87D /* simple.vert */,
				7DEEEA0C1B1711DF00E9B87D /* simple.frag */,
			);
			path = projection;
			sourceTree = "<group>";
		};
/* End PBXGroup section */

/* Begin PBXNativeTarget section */
		7DA674F11B1710B700955A94 /* projection */ = {
			isa = PBXNativeTarget;
			buildConfigurationList = 7DA674F91B1710B800955A94 /* Build configuration list for PBXNativeTarget "projection" */;
			buildPhases = (
				7DA674EE1B1710B700955A94 /* Sources */,
				7DA674EF1B1710B700955A94 /* Frameworks */,
				7DA674F01B1710B700955A94 /* CopyFiles */,
			);
			buildRules = (
			);
			dependencies = (
			);
			name = projection;
			productName = projection;
			productReference = 7DA674F21B1710B700955A94 /* projection */;
			productType = "com.apple.product-type.tool";
		};
/* End PBXNativeTarget section */

/* Begin PBXProject section */
		7DA674EA1B1710B700955A94 /* Project object */ = {
			isa = PBXProject;
			attributes = {
				LastUpgradeCheck = 0830;
				ORGANIZATIONNAME = "Kohe Tokoi";
				TargetAttributes = {
					7DA674F11B1710B700955A94 = {
						CreatedOnToolsVersion = 6.3.2;
					};
				};
			};
			buildConfigurationList = 7DA674ED1B1710B700955A94 /* Build configuration list for PBXProject "projection" */;
			compatibilityVersion = "Xcode 3.2";
			developmentRegion = English;
			hasScannedForEncodings = 0;
			knownRegions = (
				en,
			);
			mainGroup = 7DA674E91B1710B700955A94;
			productRefGroup = 7DA674F31B1710B700955A94 /* Products */;
			projectDirPath = "";
			projectRoot = "";
			targets = (
				7DA674F11B1710B700955A94 /* projection */,
			);
		};
/* End PBXProject section */

/* Begin PBXSourcesBuildPhase section */
		7DA674EE1B1710B700955A94 /* Sources */ = {
			isa = PBXSourcesBuildPhase;
			buildActionMask = 2147483647;
			files = (
				7DEEEA081B1711B400E9B87D /* main.cpp in Sources */,
				7DEEEA0A1B1711C200E9B87D /* Window.cpp in Sources */,
				7DEEEA061B17119800E9B87D /* gg.cpp in Sources */,
			);
			runOnlyForDeploymentPostprocessing = 0;
		};
/* End PBXSourcesBuildPhase section */

/* Begin XCBuildConfiguration section */
		7DA674F71B1710B800955A94 /* Debug */ = {
			isa = XCBuildConfiguration;
			buildSettings = {
				ALWAYS_SEARCH_USER_PATHS = NO;
				CLANG_CXX_LANGUAGE_STANDARD = "gnu++0x";
				CLANG_CXX_LIBRARY = "compiler-default";
				CLANG_ENABLE_MODULES = YES;
				CLANG_ENABLE_OBJC_ARC = YES;
				CLANG_WARN_BOOL_CONVERSION = YES;
				CLANG_WARN_CONSTANT_CONVERSION = YES;
				CLANG_WARN_DIRECT_OBJC_ISA_USAGE = YES_ERROR;
				CLANG_WARN_EMPTY_BODY = YES;
				CLANG_WARN_ENUM_CONVERSION = YES;
				CLANG_WARN_INFINITE_RECURSION = YES;
				CLANG_WARN_INT_CONVERSION = YES;
				CLANG_WARN_OBJC_ROOT_CLASS = YES_ERROR;
				CLANG_WARN_SUSPICIOUS_MOVE = YES;
				CLANG_WARN_UNREACHABLE_CODE = YES;
				CLANG_WARN__DUPLICATE_METHOD_MATCH = YES;
				COPY_PHASE_STRIP = NO;
				DEBUG_INFORMATION_FORMAT = dwarf;
				ENABLE_STRICT_OBJC_MSGSEND = YES;
				ENABLE_TESTABILITY = YES;
				GCC_C_LANGUAGE_STANDARD = gnu99;
				GCC_DYNAMIC_NO_PIC = NO;
				GCC_NO_COMMON_BLOCKS = YES;
				GCC_OPTIMIZATION_LEVEL = 0;
				GCC_PREPROCESSOR_DEFINITIONS = (
					"DEBUG=1",
					"$(inherited)",
				);
				GCC_SYMBOLS_PRIVATE_EXTERN = NO;
				GCC_WARN_64_TO_32_BIT_CONVERSION = YES;
				GCC_WARN_ABOUT_RETURN_TYPE = YES_ERROR;
				GCC_WARN_UNDECLARED_SELECTOR = YES;
				GCC_WARN_UNINITIALIZED_AUTOS = YES_AGGRESSIVE;
				GCC_WARN_UNUSED_FUNCTION = YES;
				GCC_WARN_UNUSED_VARIABLE = YES;
				MACOSX_DEPLOYMENT_TARGET = 10.10;
				MTL_ENABLE_DEBUG_INFO = YES;
				ONLY_ACTIVE_ARCH = YES;
				SDKROOT = macosx;
			};
			name = Debug;
		};
		7DA674F81B1710B800955A94 /* Release */ = {
			isa = XCBuildConfiguration;
			buildSettings = {
				ALWAYS_SEARCH_USER_PATHS = NO;
				CLANG_CXX_LANGUAGE_STANDARD = "gnu++0x";
				CLANG_CXX_LIBRARY = "compiler-default";
				CLANG_ENABLE_MODULES = YES;
				CLANG_ENABLE_OBJC_ARC = YES;
				CLANG_WARN_BOOL_CONVERSION = YES;
				CLANG_WARN_CONSTANT_CONVERSION = YES;
				CLANG_WARN_DIRECT_OBJC_ISA_USAGE = YES_ERROR;
				CLANG_WARN_EMPTY_BODY = YES;
				CLANG_WARN_ENUM_CONVERSION = YES;
				CLANG_WARN_INFINITE_RECURSION = YES;
				CLANG_WARN_INT_CONVERSION = YES;
				CLANG_WARN_OBJC_ROOT_CLASS = YES_ERROR;
				CLANG_WARN_SUSPICIOUS_MOVE = YES;
				CLANG_WARN_UNREACHABLE_CODE = YES;
				CLANG_WARN__DUPLICATE_METHOD_MATCH = YES;
				COPY_PHASE_STRIP = NO;
				DEBUG_INFORMATION_FORMAT = "dwarf-with-dsym";
				ENABLE_NS_ASSERTIONS = NO;
				ENABLE_STRICT_OBJC_MSGSEND = YES;
				GCC_C_LANGUAGE_STANDARD = gnu99;
				GCC_NO_COMMON_BLOCKS = YES;
				GCC_WARN_64_TO_32_BIT_CONVERSION = YES;
				GCC_WARN_ABOUT_RETURN_TYPE = YES_ERROR;
				GCC_WARN_UNDECLARED_SELECTOR = YES;
				GCC_WARN_UNINITIALIZED_AUTOS = YES_AGGRESSIVE;
				GCC_WARN_UNUSED_FUNCTION = YES;
				GCC_WARN_UNUSED_VARIABLE = YES;
				MACOSX_DEPLOYMENT_TARGET = 10.10;
				MTL_ENABLE_DEBUG_INFO = NO;
				SDKROOT = macosx;
			};
			name = Release;
		};
		7DA674FA1B1710B800955A94 /* Debug */ = {
			isa = XCBuildConfiguration;
			buildSettings = {
				HEADER_SEARCH_PATHS = (
					"$(inherited)",
					/Applications/Xcode.app/Contents/Developer/Toolchains/XcodeDefault.xctoolchain/usr/include,
					/usr/local/opt/opencv3/include,
					/usr/local/include,
				);
				LIBRARY_SEARCH_PATHS = (
					"$(inherited)",
					"$(PROJECT_DIR)",
					/usr/local/lib,
				);
				OTHER_LDFLAGS = (
					libglfw3_macos.a,
					"-framework",
					OpenGL,
					"-framework",
					CoreVideo,
					"-framework",
					IOKit,
					"-framework",
					Cocoa,
					"-lopencv_core",
					"-lopencv_highgui",
					"-lopencv_videoio",
				);
				PRODUCT_NAME = "$(TARGET_NAME)";
			};
			name = Debug;
		};
		7DA674FB1B1710B800955A94 /* Release */ = {
			isa = XCBuildConfiguration;
			buildSettings = {
				HEADER_SEARCH_PATHS = (
					"$(inherited)",
					/Applications/Xcode.app/Contents/Developer/Toolchains/XcodeDefault.xctoolchain/usr/include,
					/usr/local/opt/opencv3/include,
					/usr/local/include,
				);
				LIBRARY_SEARCH_PATHS = (
					"$(inherited)",
					"$(PROJECT_DIR)",
					/usr/local/lib,
				);
				OTHER_LDFLAGS = (
					libglfw3_macos.a,
					"-framework",
					OpenGL,
					"-framework",
					CoreVideo,
					"-framework",
					IOKit,
					"-framework",
					Cocoa,
					"-lopencv_core",
					"-lopencv_highgui",
					"-lopencv_videoio",
				);
				PRODUCT_NAME = "$(TARGET_NAME)";
			};
			name = Release;
		};
/* End XCBuildConfiguration section */

/* Begin XCConfigurationList section */
		7DA674ED1B1710B700955A94 /* Build configuration list for PBXProject "projection" */ = {
			isa = XCConfigurationList;
			buildConfigurations = (
				7DA674F71B1710B800955A94 /* Debug */,
				7DA674F81B1710B800955A94 /* Release */,
			);
			defaultConfigurationIsVisible = 0;
			defaultConfigurationName = Release;
		};
		7DA674F91B1710B800955A94 /* Build configuration list for PBXNativeTarget "projection" */ = {
			isa = XCConfigurationList;
			buildConfigurations = (
				7DA674FA1B1710B800955A94 /* Debug */,
				7DA674FB1B1710B800955A94 /* Release */,
			);
			defaultConfigurationIsVisible = 0;
			defaultConfigurationName = Release;
		};
/* End XCConfigurationList section */
	};
	rootObject = 7DA674EA1B1710B700955A94 /* Project object */;
}
